{
  "originHash" : "4b75b8351e3cb3bd7401cbe70d31d0f2aa0fb5e62221e7dc03d387c1cf57bbdb",
  "pins" : [
    {
      "identity" : "tncamerabase",
      "kind" : "remoteSourceControl",
      "location" : "https://github.com/ThinhNguyenRS/TnCameraBase",
      "state" : {
        "branch" : "main",
        "revision" : "f2b1cf3105b793981b08c05962534cf1b88ef12c"
      }
    },
    {
      "identity" : "tniosbase",
      "kind" : "remoteSourceControl",
      "location" : "https://github.com/ThinhNguyenRS/TnIosBase",
      "state" : {
        "branch" : "main",
        "revision" : "66006b6cb2af54c62036e66241f3b7a0fdc2f268"
      }
    }
  ],
  "version" : 3
}
