{
  "originHash" : "bac744bd8688bfae395e029194c2b66e2c8cc6dda2a4ec76e6fdb39f80fa3d6a",
  "pins" : [
    {
      "identity" : "binarycodable",
      "kind" : "remoteSourceControl",
      "location" : "https://github.com/christophhagen/BinaryCodable",
      "state" : {
        "revision" : "f4bdd82c5da4a825634bd32c3b2ef70faa773143",
        "version" : "3.0.3"
      }
    },
    {
      "identity" : "tncamerabase",
      "kind" : "remoteSourceControl",
      "location" : "https://github.com/ThinhNguyenRS/TnCameraBase",
      "state" : {
        "branch" : "main",
        "revision" : "b1cc39cf40a389d827f3b927cddde73662aff137"
      }
    },
    {
      "identity" : "tniosbase",
      "kind" : "remoteSourceControl",
      "location" : "https://github.com/ThinhNguyenRS/TnIosBase",
      "state" : {
        "branch" : "main",
        "revision" : "c66239505d98fb7441c9c5fc5794c6fb4395fd21"
      }
    }
  ],
  "version" : 3
}
