{
  "originHash" : "662c91b1ebfad1f403183c762d11fe2f3ab5bcb59c9ac1c38552843df8954ea4",
  "pins" : [
    {
      "identity" : "binarycodable",
      "kind" : "remoteSourceControl",
      "location" : "https://github.com/christophhagen/BinaryCodable",
      "state" : {
        "revision" : "f4bdd82c5da4a825634bd32c3b2ef70faa773143",
        "version" : "3.0.3"
      }
    },
    {
      "identity" : "tncamerabase",
      "kind" : "remoteSourceControl",
      "location" : "https://github.com/ThinhNguyenRS/TnCameraBase",
      "state" : {
        "revision" : "52287e80c94d51c4620dc200afb5447e1d9dba48",
        "version" : "1.0.3"
      }
    },
    {
      "identity" : "tniosbase",
      "kind" : "remoteSourceControl",
      "location" : "https://github.com/ThinhNguyenRS/TnIosBase",
      "state" : {
        "revision" : "fd9fc0bbd0cddf41f318fe33e6d24d780b26bcc4",
        "version" : "1.0.3"
      }
    }
  ],
  "version" : 3
}
